
Microsoft Visual Studio Solution File, Format Version 12.00
# Visual Studio 15
Project("{FAE04EC0-301F-11D3-BF4B-00C04F79EFBC}") = "Assembly-CSharp", "Assembly-CSharp.csproj", "{2E95EC83-FB65-1E87-E22C-267DCCC842FA}"
EndProject
Project("{FAE04EC0-301F-11D3-BF4B-00C04F79EFBC}") = "Assembly-CSharp-Editor", "Assembly-CSharp-Editor.csproj", "{B8CC67EC-2E8F-95C2-2DBE-73BA6B8A8A16}"
EndProject
Global
	GlobalSection(SolutionConfigurationPlatforms) = preSolution
		Debug|Any CPU = Debug|Any CPU
		Release|Any CPU = Release|Any CPU
	EndGlobalSection
	GlobalSection(ProjectConfigurationPlatforms) = postSolution
		{2E95EC83-FB65-1E87-E22C-267DCCC842FA}.Debug|Any CPU.ActiveCfg = Debug|Any CPU
		{2E95EC83-FB65-1E87-E22C-267DCCC842FA}.Debug|Any CPU.Build.0 = Debug|Any CPU
		{2E95EC83-FB65-1E87-E22C-267DCCC842FA}.Release|Any CPU.ActiveCfg = Release|Any CPU
		{2E95EC83-FB65-1E87-E22C-267DCCC842FA}.Release|Any CPU.Build.0 = Release|Any CPU
		{B8CC67EC-2E8F-95C2-2DBE-73BA6B8A8A16}.Debug|Any CPU.ActiveCfg = Debug|Any CPU
		{B8CC67EC-2E8F-95C2-2DBE-73BA6B8A8A16}.Debug|Any CPU.Build.0 = Debug|Any CPU
		{B8CC67EC-2E8F-95C2-2DBE-73BA6B8A8A16}.Release|Any CPU.ActiveCfg = Release|Any CPU
		{B8CC67EC-2E8F-95C2-2DBE-73BA6B8A8A16}.Release|Any CPU.Build.0 = Release|Any CPU
	EndGlobalSection
	GlobalSection(SolutionProperties) = preSolution
		HideSolutionNode = FALSE
	EndGlobalSection
EndGlobal
